
Microsoft Visual Studio Solution File, Format Version 12.00
# Visual Studio Version 16
VisualStudioVersion = 16.0.29409.12
MinimumVisualStudioVersion = 10.0.40219.1
Project("{FAE04EC0-301F-11D3-BF4B-00C04F79EFBC}") = "TricentisExtensions", "TricentisExtensions\TricentisExtensions.csproj", "{5F0E985D-D741-4723-AE0B-27DCC586B799}"
EndProject
Project("{FAE04EC0-301F-11D3-BF4B-00C04F79EFBC}") = "TricentisExtensions.Test", "TricentisExtensions.Test\TricentisExtensions.Test.csproj", "{C81D4CF4-352A-41DA-A7E4-F75A422D6E0C}"
EndProject
Project("{FAE04EC0-301F-11D3-BF4B-00C04F79EFBC}") = "ROT", "ROT\ROT.csproj", "{2F31D68B-F0F3-44EC-87AD-C354514921E7}"
EndProject
Global
	GlobalSection(SolutionConfigurationPlatforms) = preSolution
		Debug|Any CPU = Debug|Any CPU
		Release|Any CPU = Release|Any CPU
	EndGlobalSection
	GlobalSection(ProjectConfigurationPlatforms) = postSolution
		{5F0E985D-D741-4723-AE0B-27DCC586B799}.Debug|Any CPU.ActiveCfg = Debug|Any CPU
		{5F0E985D-D741-4723-AE0B-27DCC586B799}.Debug|Any CPU.Build.0 = Debug|Any CPU
		{5F0E985D-D741-4723-AE0B-27DCC586B799}.Release|Any CPU.ActiveCfg = Release|Any CPU
		{5F0E985D-D741-4723-AE0B-27DCC586B799}.Release|Any CPU.Build.0 = Release|Any CPU
		{C81D4CF4-352A-41DA-A7E4-F75A422D6E0C}.Debug|Any CPU.ActiveCfg = Debug|Any CPU
		{C81D4CF4-352A-41DA-A7E4-F75A422D6E0C}.Debug|Any CPU.Build.0 = Debug|Any CPU
		{C81D4CF4-352A-41DA-A7E4-F75A422D6E0C}.Release|Any CPU.ActiveCfg = Release|Any CPU
		{C81D4CF4-352A-41DA-A7E4-F75A422D6E0C}.Release|Any CPU.Build.0 = Release|Any CPU
		{2F31D68B-F0F3-44EC-87AD-C354514921E7}.Debug|Any CPU.ActiveCfg = Debug|Any CPU
		{2F31D68B-F0F3-44EC-87AD-C354514921E7}.Debug|Any CPU.Build.0 = Debug|Any CPU
		{2F31D68B-F0F3-44EC-87AD-C354514921E7}.Release|Any CPU.ActiveCfg = Release|Any CPU
		{2F31D68B-F0F3-44EC-87AD-C354514921E7}.Release|Any CPU.Build.0 = Release|Any CPU
	EndGlobalSection
	GlobalSection(SolutionProperties) = preSolution
		HideSolutionNode = FALSE
	EndGlobalSection
	GlobalSection(ExtensibilityGlobals) = postSolution
		SolutionGuid = {783FE1E0-2AE4-45ED-908D-9E77B462D7F7}
	EndGlobalSection
EndGlobal
